
Microsoft Visual Studio Solution File, Format Version 12.00
# Visual Studio Version 17
VisualStudioVersion = 17.2.32630.192
MinimumVisualStudioVersion = 10.0.40219.1
Project("{FAE04EC0-301F-11D3-BF4B-00C04F79EFBC}") = "UploadFile", "UploadFile\UploadFile.csproj", "{F788424E-0C9E-475B-8735-A820086221FD}"
EndProject
Global
	GlobalSection(SolutionConfigurationPlatforms) = preSolution
		Debug|Any CPU = Debug|Any CPU
		Release|Any CPU = Release|Any CPU
	EndGlobalSection
	GlobalSection(ProjectConfigurationPlatforms) = postSolution
		{F788424E-0C9E-475B-8735-A820086221FD}.Debug|Any CPU.ActiveCfg = Debug|Any CPU
		{F788424E-0C9E-475B-8735-A820086221FD}.Debug|Any CPU.Build.0 = Debug|Any CPU
		{F788424E-0C9E-475B-8735-A820086221FD}.Release|Any CPU.ActiveCfg = Release|Any CPU
		{F788424E-0C9E-475B-8735-A820086221FD}.Release|Any CPU.Build.0 = Release|Any CPU
	EndGlobalSection
	GlobalSection(SolutionProperties) = preSolution
		HideSolutionNode = FALSE
	EndGlobalSection
	GlobalSection(ExtensibilityGlobals) = postSolution
		SolutionGuid = {65EB2632-0FA9-4E60-8B1E-9E03648DE18C}
	EndGlobalSection
EndGlobal
